{
  "name": "spring-ai-ascend-codegraph",
  "lockfileVersion": 3,
  "requires": true,
  "packages": {
    "": {
      "name": "spring-ai-ascend-codegraph",
      "dependencies": {
        "@colbymchenry/codegraph": "0.9.4"
      },
      "engines": {
        "node": ">=20"
      }
    },
    "node_modules/@colbymchenry/codegraph": {
      "version": "0.9.4",
      "resolved": "https://registry.npmmirror.com/@colbymchenry/codegraph/-/codegraph-0.9.4.tgz",
      "integrity": "sha512-E5HMrKKJ+578KQ4h1L7HDRb3tK7JJ8KHlSPDamY/35PvBuzQMvhfI8xGKPoPF8fT9gLFW+0sUzu3T2IXLWmh2A==",
      "license": "MIT",
      "bin": {
        "codegraph": "npm-shim.js"
      },
      "optionalDependencies": {
        "@colbymchenry/codegraph-darwin-arm64": "0.9.4",
        "@colbymchenry/codegraph-darwin-x64": "0.9.4",
        "@colbymchenry/codegraph-linux-arm64": "0.9.4",
        "@colbymchenry/codegraph-linux-x64": "0.9.4",
        "@colbymchenry/codegraph-win32-arm64": "0.9.4",
        "@colbymchenry/codegraph-win32-x64": "0.9.4"
      }
    },
    "node_modules/@colbymchenry/codegraph-darwin-arm64": {
      "version": "0.9.4",
      "resolved": "https://registry.npmmirror.com/@colbymchenry/codegraph-darwin-arm64/-/codegraph-darwin-arm64-0.9.4.tgz",
      "integrity": "sha512-hGWbFPXxU22tAxubX6x/FEieCJXdRx+gaZ/pEH+IlPeu+zQSib60RwefDrLrVLQpcBa0Kib2noNNbpWjfdInoQ==",
      "cpu": [
        "arm64"
      ],
      "license": "MIT",
      "optional": true,
      "os": [
        "darwin"
      ]
    },
    "node_modules/@colbymchenry/codegraph-darwin-x64": {
      "version": "0.9.4",
      "resolved": "https://registry.npmmirror.com/@colbymchenry/codegraph-darwin-x64/-/codegraph-darwin-x64-0.9.4.tgz",
      "integrity": "sha512-Ol7OfSM7HaRtJualYeDBa/B49ktJMbeTt5Qm8HAK2lVsKdzwLoDax+pShBUfjrKiIQkUPeQefWqimBaCy6tauw==",
      "cpu": [
        "x64"
      ],
      "license": "MIT",
      "optional": true,
      "os": [
        "darwin"
      ]
    },
    "node_modules/@colbymchenry/codegraph-linux-arm64": {
      "version": "0.9.4",
      "resolved": "https://registry.npmmirror.com/@colbymchenry/codegraph-linux-arm64/-/codegraph-linux-arm64-0.9.4.tgz",
      "integrity": "sha512-c0e6f5XYHnvy7JpJGe4jbNku4MU8JDSB+BRF1IYfn4RxiKmSc2qYOM/rI+xJuZShaFFXE6zw1Qp5b4fo0PEtbw==",
      "cpu": [
        "arm64"
      ],
      "license": "MIT",
      "optional": true,
      "os": [
        "linux"
      ]
    },
    "node_modules/@colbymchenry/codegraph-win32-arm64": {
      "version": "0.9.4",
      "resolved": "https://registry.npmmirror.com/@colbymchenry/codegraph-win32-arm64/-/codegraph-win32-arm64-0.9.4.tgz",
      "integrity": "sha512-+8K691Oxi54uCQp7/PrVay4gJQcWUHrazMYaOhySisvJAxOjq8TTpFXLBpSaDchXdD+fCGdvzOj1nhdSEt7+Cw==",
      "cpu": [
        "arm64"
      ],
      "license": "MIT",
      "optional": true,
      "os": [
        "win32"
      ]
    },
    "node_modules/@colbymchenry/codegraph-win32-x64": {
      "version": "0.9.4",
      "resolved": "https://registry.npmmirror.com/@colbymchenry/codegraph-win32-x64/-/codegraph-win32-x64-0.9.4.tgz",
      "integrity": "sha512-/BoGmNzm8zAjmt9o4ENBQxsAhsrSZ1RG3LYxaB37U6ewCgcaRJ2D8Di3zOO2oRSTWYtmkH4AFSZ/3yKN8Vg3pA==",
      "cpu": [
        "x64"
      ],
      "license": "MIT",
      "optional": true,
      "os": [
        "win32"
      ]
    },
    "node_modules/@colbymchenry/codegraph/node_modules/@colbymchenry/codegraph-linux-x64": {
      "optional": true
    }
  }
}
